[[package]]
name = "black"
version = "22.10.0"
description = "The uncompromising code formatter."
category = "dev"
optional = false
python-versions = ">=3.7"

[package.dependencies]
click = ">=8.0.0"
mypy-extensions = ">=0.4.3"
pathspec = ">=0.9.0"
platformdirs = ">=2"
tomli = {version = ">=1.1.0", markers = "python_full_version < \"3.11.0a7\""}

[package.extras]
colorama = ["colorama (>=0.4.3)"]
d = ["aiohttp (>=3.7.4)"]
jupyter = ["ipython (>=7.8.0)", "tokenize-rt (>=3.2.0)"]
uvloop = ["uvloop (>=0.15.2)"]

[[package]]
name = "click"
version = "8.1.3"
description = "Composable command line interface toolkit"
category = "dev"
optional = false
python-versions = ">=3.7"

[package.dependencies]
colorama = {version = "*", markers = "platform_system == \"Windows\""}

[[package]]
name = "colorama"
version = "0.4.5"
description = "Cross-platform colored terminal text."
category = "dev"
optional = false
python-versions = ">=2.7, !=3.0.*, !=3.1.*, !=3.2.*, !=3.3.*, !=3.4.*"

[[package]]
name = "commonmark"
version = "0.9.1"
description = "Python parser for the CommonMark Markdown spec"
category = "main"
optional = false
python-versions = "*"

[package.extras]
test = ["flake8 (==3.7.8)", "hypothesis (==3.55.3)"]

[[package]]
name = "mypy-extensions"
version = "0.4.3"
description = "Experimental type system extensions for programs checked with the mypy typechecker."
category = "dev"
optional = false
python-versions = "*"

[[package]]
name = "numpy"
version = "1.23.3"
description = "NumPy is the fundamental package for array computing with Python."
category = "main"
optional = false
python-versions = ">=3.8"

[[package]]
name = "pathspec"
version = "0.10.1"
description = "Utility library for gitignore style pattern matching of file paths."
category = "dev"
optional = false
python-versions = ">=3.7"

[[package]]
name = "platformdirs"
version = "2.5.2"
description = "A small Python module for determining appropriate platform-specific dirs, e.g. a \"user data dir\"."
category = "dev"
optional = false
python-versions = ">=3.7"

[package.extras]
docs = ["furo (>=2021.7.5b38)", "proselint (>=0.10.2)", "sphinx (>=4)", "sphinx-autodoc-typehints (>=1.12)"]
test = ["appdirs (==1.4.4)", "pytest (>=6)", "pytest-cov (>=2.7)", "pytest-mock (>=3.6)"]

[[package]]
name = "pyglm"
version = "2.6.0"
description = "OpenGL Mathematics library for Python"
category = "main"
optional = false
python-versions = "*"

[[package]]
name = "Pygments"
version = "2.13.0"
description = "Pygments is a syntax highlighting package written in Python."
category = "main"
optional = false
python-versions = ">=3.6"

[package.extras]
plugins = ["importlib-metadata"]

[[package]]
name = "PyOpenGL"
version = "3.1.6"
description = "Standard OpenGL bindings for Python"
category = "main"
optional = false
python-versions = "*"

[[package]]
name = "PySDL2"
version = "0.9.14"
description = "Python SDL2 bindings"
category = "main"
optional = false
python-versions = "*"

[[package]]
name = "pysdl2-dll"
version = "2.24.1"
description = "Pre-built SDL2 binaries for PySDL2"
category = "main"
optional = false
python-versions = "*"

[[package]]
name = "rich"
version = "12.6.0"
description = "Render rich text, tables, progress bars, syntax highlighting, markdown and more to the terminal"
category = "main"
optional = false
python-versions = ">=3.6.3,<4.0.0"

[package.dependencies]
commonmark = ">=0.9.0,<0.10.0"
pygments = ">=2.6.0,<3.0.0"

[package.extras]
jupyter = ["ipywidgets (>=7.5.1,<8.0.0)"]

[[package]]
name = "tomli"
version = "2.0.1"
description = "A lil' TOML parser"
category = "dev"
optional = false
python-versions = ">=3.7"

[metadata]
lock-version = "1.1"
python-versions = "^3.10"
content-hash = "501304341128e0862f16ef617a80d3bc10749db8d36c9f5b51c47b74a24e6297"

[metadata.files]
black = [
    {file = "black-22.10.0-1fixedarch-cp310-cp310-macosx_11_0_x86_64.whl", hash = "sha256:5cc42ca67989e9c3cf859e84c2bf014f6633db63d1cbdf8fdb666dcd9e77e3fa"},
    {file = "black-22.10.0-1fixedarch-cp311-cp311-macosx_11_0_x86_64.whl", hash = "sha256:5d8f74030e67087b219b032aa33a919fae8806d49c867846bfacde57f43972ef"},
    {file = "black-22.10.0-1fixedarch-cp37-cp37m-macosx_10_16_x86_64.whl", hash = "sha256:197df8509263b0b8614e1df1756b1dd41be6738eed2ba9e9769f3880c2b9d7b6"},
    {file = "black-22.10.0-1fixedarch-cp38-cp38-macosx_10_16_x86_64.whl", hash = "sha256:2644b5d63633702bc2c5f3754b1b475378fbbfb481f62319388235d0cd104c2d"},
    {file = "black-22.10.0-1fixedarch-cp39-cp39-macosx_11_0_x86_64.whl", hash = "sha256:e41a86c6c650bcecc6633ee3180d80a025db041a8e2398dcc059b3afa8382cd4"},
    {file = "black-22.10.0-cp310-cp310-macosx_11_0_arm64.whl", hash = "sha256:2039230db3c6c639bd84efe3292ec7b06e9214a2992cd9beb293d639c6402edb"},
    {file = "black-22.10.0-cp310-cp310-manylinux_2_17_x86_64.manylinux2014_x86_64.whl", hash = "sha256:14ff67aec0a47c424bc99b71005202045dc09270da44a27848d534600ac64fc7"},
    {file = "black-22.10.0-cp310-cp310-win_amd64.whl", hash = "sha256:819dc789f4498ecc91438a7de64427c73b45035e2e3680c92e18795a839ebb66"},
    {file = "black-22.10.0-cp311-cp311-macosx_11_0_arm64.whl", hash = "sha256:5b9b29da4f564ba8787c119f37d174f2b69cdfdf9015b7d8c5c16121ddc054ae"},
    {file = "black-22.10.0-cp311-cp311-manylinux_2_17_x86_64.manylinux2014_x86_64.whl", hash = "sha256:b8b49776299fece66bffaafe357d929ca9451450f5466e997a7285ab0fe28e3b"},
    {file = "black-22.10.0-cp311-cp311-win_amd64.whl", hash = "sha256:21199526696b8f09c3997e2b4db8d0b108d801a348414264d2eb8eb2532e540d"},
    {file = "black-22.10.0-cp37-cp37m-manylinux_2_17_x86_64.manylinux2014_x86_64.whl", hash = "sha256:1e464456d24e23d11fced2bc8c47ef66d471f845c7b7a42f3bd77bf3d1789650"},
    {file = "black-22.10.0-cp37-cp37m-win_amd64.whl", hash = "sha256:9311e99228ae10023300ecac05be5a296f60d2fd10fff31cf5c1fa4ca4b1988d"},
    {file = "black-22.10.0-cp38-cp38-macosx_11_0_arm64.whl", hash = "sha256:fba8a281e570adafb79f7755ac8721b6cf1bbf691186a287e990c7929c7692ff"},
    {file = "black-22.10.0-cp38-cp38-manylinux_2_17_x86_64.manylinux2014_x86_64.whl", hash = "sha256:915ace4ff03fdfff953962fa672d44be269deb2eaf88499a0f8805221bc68c87"},
    {file = "black-22.10.0-cp38-cp38-win_amd64.whl", hash = "sha256:444ebfb4e441254e87bad00c661fe32df9969b2bf224373a448d8aca2132b395"},
    {file = "black-22.10.0-cp39-cp39-macosx_11_0_arm64.whl", hash = "sha256:974308c58d057a651d182208a484ce80a26dac0caef2895836a92dd6ebd725e0"},
    {file = "black-22.10.0-cp39-cp39-manylinux_2_17_x86_64.manylinux2014_x86_64.whl", hash = "sha256:72ef3925f30e12a184889aac03d77d031056860ccae8a1e519f6cbb742736383"},
    {file = "black-22.10.0-cp39-cp39-win_amd64.whl", hash = "sha256:432247333090c8c5366e69627ccb363bc58514ae3e63f7fc75c54b1ea80fa7de"},
    {file = "black-22.10.0-py3-none-any.whl", hash = "sha256:c957b2b4ea88587b46cf49d1dc17681c1e672864fd7af32fc1e9664d572b3458"},
    {file = "black-22.10.0.tar.gz", hash = "sha256:f513588da599943e0cde4e32cc9879e825d58720d6557062d1098c5ad80080e1"},
]
click = [
    {file = "click-8.1.3-py3-none-any.whl", hash = "sha256:bb4d8133cb15a609f44e8213d9b391b0809795062913b383c62be0ee95b1db48"},
    {file = "click-8.1.3.tar.gz", hash = "sha256:7682dc8afb30297001674575ea00d1814d808d6a36af415a82bd481d37ba7b8e"},
]
colorama = [
    {file = "colorama-0.4.5-py2.py3-none-any.whl", hash = "sha256:854bf444933e37f5824ae7bfc1e98d5bce2ebe4160d46b5edf346a89358e99da"},
    {file = "colorama-0.4.5.tar.gz", hash = "sha256:e6c6b4334fc50988a639d9b98aa429a0b57da6e17b9a44f0451f930b6967b7a4"},
]
commonmark = [
    {file = "commonmark-0.9.1-py2.py3-none-any.whl", hash = "sha256:da2f38c92590f83de410ba1a3cbceafbc74fee9def35f9251ba9a971d6d66fd9"},
    {file = "commonmark-0.9.1.tar.gz", hash = "sha256:452f9dc859be7f06631ddcb328b6919c67984aca654e5fefb3914d54691aed60"},
]
mypy-extensions = [
    {file = "mypy_extensions-0.4.3-py2.py3-none-any.whl", hash = "sha256:090fedd75945a69ae91ce1303b5824f428daf5a028d2f6ab8a299250a846f15d"},
    {file = "mypy_extensions-0.4.3.tar.gz", hash = "sha256:2d82818f5bb3e369420cb3c4060a7970edba416647068eb4c5343488a6c604a8"},
]
numpy = [
    {file = "numpy-1.23.3-cp310-cp310-macosx_10_9_x86_64.whl", hash = "sha256:c9f707b5bb73bf277d812ded9896f9512a43edff72712f31667d0a8c2f8e71ee"},
    {file = "numpy-1.23.3-cp310-cp310-macosx_11_0_arm64.whl", hash = "sha256:ffcf105ecdd9396e05a8e58e81faaaf34d3f9875f137c7372450baa5d77c9a54"},
    {file = "numpy-1.23.3-cp310-cp310-manylinux_2_17_aarch64.manylinux2014_aarch64.whl", hash = "sha256:0ea3f98a0ffce3f8f57675eb9119f3f4edb81888b6874bc1953f91e0b1d4f440"},
    {file = "numpy-1.23.3-cp310-cp310-manylinux_2_17_x86_64.manylinux2014_x86_64.whl", hash = "sha256:004f0efcb2fe1c0bd6ae1fcfc69cc8b6bf2407e0f18be308612007a0762b4089"},
    {file = "numpy-1.23.3-cp310-cp310-win32.whl", hash = "sha256:98dcbc02e39b1658dc4b4508442a560fe3ca5ca0d989f0df062534e5ca3a5c1a"},
    {file = "numpy-1.23.3-cp310-cp310-win_amd64.whl", hash = "sha256:39a664e3d26ea854211867d20ebcc8023257c1800ae89773cbba9f9e97bae036"},
    {file = "numpy-1.23.3-cp311-cp311-macosx_10_9_x86_64.whl", hash = "sha256:1f27b5322ac4067e67c8f9378b41c746d8feac8bdd0e0ffede5324667b8a075c"},
    {file = "numpy-1.23.3-cp311-cp311-macosx_11_0_arm64.whl", hash = "sha256:2ad3ec9a748a8943e6eb4358201f7e1c12ede35f510b1a2221b70af4bb64295c"},
    {file = "numpy-1.23.3-cp311-cp311-manylinux_2_17_aarch64.manylinux2014_aarch64.whl", hash = "sha256:bdc9febce3e68b697d931941b263c59e0c74e8f18861f4064c1f712562903411"},
    {file = "numpy-1.23.3-cp311-cp311-manylinux_2_17_x86_64.manylinux2014_x86_64.whl", hash = "sha256:301c00cf5e60e08e04d842fc47df641d4a181e651c7135c50dc2762ffe293dbd"},
    {file = "numpy-1.23.3-cp311-cp311-win32.whl", hash = "sha256:7cd1328e5bdf0dee621912f5833648e2daca72e3839ec1d6695e91089625f0b4"},
    {file = "numpy-1.23.3-cp311-cp311-win_amd64.whl", hash = "sha256:8355fc10fd33a5a70981a5b8a0de51d10af3688d7a9e4a34fcc8fa0d7467bb7f"},
    {file = "numpy-1.23.3-cp38-cp38-macosx_10_9_x86_64.whl", hash = "sha256:bc6e8da415f359b578b00bcfb1d08411c96e9a97f9e6c7adada554a0812a6cc6"},
    {file = "numpy-1.23.3-cp38-cp38-macosx_11_0_arm64.whl", hash = "sha256:22d43376ee0acd547f3149b9ec12eec2f0ca4a6ab2f61753c5b29bb3e795ac4d"},
    {file = "numpy-1.23.3-cp38-cp38-manylinux_2_17_aarch64.manylinux2014_aarch64.whl", hash = "sha256:a64403f634e5ffdcd85e0b12c08f04b3080d3e840aef118721021f9b48fc1460"},
    {file = "numpy-1.23.3-cp38-cp38-manylinux_2_17_x86_64.manylinux2014_x86_64.whl", hash = "sha256:efd9d3abe5774404becdb0748178b48a218f1d8c44e0375475732211ea47c67e"},
    {file = "numpy-1.23.3-cp38-cp38-win32.whl", hash = "sha256:f8c02ec3c4c4fcb718fdf89a6c6f709b14949408e8cf2a2be5bfa9c49548fd85"},
    {file = "numpy-1.23.3-cp38-cp38-win_amd64.whl", hash = "sha256:e868b0389c5ccfc092031a861d4e158ea164d8b7fdbb10e3b5689b4fc6498df6"},
    {file = "numpy-1.23.3-cp39-cp39-macosx_10_9_x86_64.whl", hash = "sha256:09f6b7bdffe57fc61d869a22f506049825d707b288039d30f26a0d0d8ea05164"},
    {file = "numpy-1.23.3-cp39-cp39-macosx_11_0_arm64.whl", hash = "sha256:8c79d7cf86d049d0c5089231a5bcd31edb03555bd93d81a16870aa98c6cfb79d"},
    {file = "numpy-1.23.3-cp39-cp39-manylinux_2_17_aarch64.manylinux2014_aarch64.whl", hash = "sha256:e5d5420053bbb3dd64c30e58f9363d7a9c27444c3648e61460c1237f9ec3fa14"},
    {file = "numpy-1.23.3-cp39-cp39-manylinux_2_17_x86_64.manylinux2014_x86_64.whl", hash = "sha256:d5422d6a1ea9b15577a9432e26608c73a78faf0b9039437b075cf322c92e98e7"},
    {file = "numpy-1.23.3-cp39-cp39-win32.whl", hash = "sha256:c1ba66c48b19cc9c2975c0d354f24058888cdc674bebadceb3cdc9ec403fb5d1"},
    {file = "numpy-1.23.3-cp39-cp39-win_amd64.whl", hash = "sha256:78a63d2df1d947bd9d1b11d35564c2f9e4b57898aae4626638056ec1a231c40c"},
    {file = "numpy-1.23.3-pp38-pypy38_pp73-macosx_10_9_x86_64.whl", hash = "sha256:17c0e467ade9bda685d5ac7f5fa729d8d3e76b23195471adae2d6a6941bd2c18"},
    {file = "numpy-1.23.3-pp38-pypy38_pp73-manylinux_2_17_x86_64.manylinux2014_x86_64.whl", hash = "sha256:91b8d6768a75247026e951dce3b2aac79dc7e78622fc148329135ba189813584"},
    {file = "numpy-1.23.3-pp38-pypy38_pp73-win_amd64.whl", hash = "sha256:94c15ca4e52671a59219146ff584488907b1f9b3fc232622b47e2cf832e94fb8"},
    {file = "numpy-1.23.3.tar.gz", hash = "sha256:51bf49c0cd1d52be0a240aa66f3458afc4b95d8993d2d04f0d91fa60c10af6cd"},
]
pathspec = [
    {file = "pathspec-0.10.1-py3-none-any.whl", hash = "sha256:46846318467efc4556ccfd27816e004270a9eeeeb4d062ce5e6fc7a87c573f93"},
    {file = "pathspec-0.10.1.tar.gz", hash = "sha256:7ace6161b621d31e7902eb6b5ae148d12cfd23f4a249b9ffb6b9fee12084323d"},
]
platformdirs = [
    {file = "platformdirs-2.5.2-py3-none-any.whl", hash = "sha256:027d8e83a2d7de06bbac4e5ef7e023c02b863d7ea5d079477e722bb41ab25788"},
    {file = "platformdirs-2.5.2.tar.gz", hash = "sha256:58c8abb07dcb441e6ee4b11d8df0ac856038f944ab98b7be6b27b2a3c7feef19"},
]
pyglm = [
    {file = "PyGLM-2.6.0-cp310-cp310-macosx_10_9_x86_64.whl", hash = "sha256:a5c060c2da916fe5d9472d86b735b211f1949ed874b27cd984a3ef786d56023b"},
    {file = "PyGLM-2.6.0-cp310-cp310-macosx_11_0_arm64.whl", hash = "sha256:a2a3f6cfd3ebd05fe129a931b0e5eabaf77bee057265a94159c2097357e2c31c"},
    {file = "PyGLM-2.6.0-cp310-cp310-manylinux_2_17_aarch64.manylinux2014_aarch64.manylinux_2_24_aarch64.whl", hash = "sha256:fb0a2d54bdbca536f49952e7a5b1c86cd45039c3e8fe3f5e2c5d90ee4f7524eb"},
    {file = "PyGLM-2.6.0-cp310-cp310-manylinux_2_17_i686.manylinux2014_i686.manylinux_2_24_i686.whl", hash = "sha256:7bd7fa98b469c8ec7e8901ea1ac52df401c90543e79e2bb6fbe9907a194c876b"},
    {file = "PyGLM-2.6.0-cp310-cp310-manylinux_2_17_s390x.manylinux2014_s390x.manylinux_2_24_s390x.whl", hash = "sha256:ae8fe6a3900a84e8277b3ff711a0e6771e94bc629a3661c90d8415200827124f"},
    {file = "PyGLM-2.6.0-cp310-cp310-manylinux_2_17_x86_64.manylinux2014_x86_64.manylinux_2_24_x86_64.whl", hash = "sha256:5a2ec839ba94ac28b4d7ffe214338cddadff0860fb5dd5943500865d651546e1"},
    {file = "PyGLM-2.6.0-cp310-cp310-manylinux_2_27_aarch64.manylinux_2_28_aarch64.whl", hash = "sha256:7b5528d2d91cd468a8773aaab6fd7b1805ec8a03b9717bdb66c879031e306713"},
    {file = "PyGLM-2.6.0-cp310-cp310-manylinux_2_27_s390x.manylinux_2_28_s390x.whl", hash = "sha256:cf6d834102de23d9c583ce01b64a9018ad31bfeec0dca9cf9edcb740b635b540"},
    {file = "PyGLM-2.6.0-cp310-cp310-manylinux_2_27_x86_64.manylinux_2_28_x86_64.whl", hash = "sha256:de57f141da1a8e6fb9a28816263c912a176872f63278fbbc4c7412d4322c8907"},
    {file = "PyGLM-2.6.0-cp310-cp310-musllinux_1_1_aarch64.whl", hash = "sha256:bf26a1e274db088335558936d1b93c5d06b0239da2dedb582a67f45cce1cbc53"},
    {file = "PyGLM-2.6.0-cp310-cp310-musllinux_1_1_i686.whl", hash = "sha256:51fdd641e4a978800533de51eef0f35a65913d55ac5d44cd2f37ebe625e1eec5"},
    {file = "PyGLM-2.6.0-cp310-cp310-musllinux_1_1_s390x.whl", hash = "sha256:7c793504d3d3a200204f50ccda88ffe7ad80f6a6bc880f4cf9b953e3cfc54b1c"},
    {file = "PyGLM-2.6.0-cp310-cp310-musllinux_1_1_x86_64.whl", hash = "sha256:078f63f5a8463c1bdc2c9fa02575a145167943211625c2a80ff701db38e5aa23"},
    {file = "PyGLM-2.6.0-cp310-cp310-win32.whl", hash = "sha256:94fe130d4d34a9f14ab72a65075991771e73ae6b3e1d43976635db043908c0c3"},
    {file = "PyGLM-2.6.0-cp310-cp310-win_amd64.whl", hash = "sha256:a2c60e2f9b87ddd90b718626d8de7b435955729cc1eaa3515d5bcd0332ee743a"},
    {file = "PyGLM-2.6.0-cp311-cp311-macosx_10_9_x86_64.whl", hash = "sha256:b758887aac263064cfdfc6f5f5fef429a623f16bb76e26aa01fec010a1858002"},
    {file = "PyGLM-2.6.0-cp311-cp311-macosx_11_0_arm64.whl", hash = "sha256:1f89e40f4530131bf6b8beda3ad915e41abe47562c971e2fccde2338473f0a6c"},
    {file = "PyGLM-2.6.0-cp311-cp311-manylinux_2_17_aarch64.manylinux2014_aarch64.manylinux_2_24_aarch64.whl", hash = "sha256:276a02b06f3beafef7925f496fdbce2f3f02ed60a07867cf4d0d4cf27ce9fb2d"},
    {file = "PyGLM-2.6.0-cp311-cp311-manylinux_2_17_i686.manylinux2014_i686.manylinux_2_24_i686.whl", hash = "sha256:8792f159037811e8b326a21c8f8cbe718c00c3c7a039d2c195e4b00dacaeaf74"},
    {file = "PyGLM-2.6.0-cp311-cp311-manylinux_2_17_s390x.manylinux2014_s390x.manylinux_2_24_s390x.whl", hash = "sha256:37325046b0783b33b7c7ab74d94b04cf2dce8d94ea02ca85d74e14f8c180ad1f"},
    {file = "PyGLM-2.6.0-cp311-cp311-manylinux_2_17_x86_64.manylinux2014_x86_64.manylinux_2_24_x86_64.whl", hash = "sha256:952eaab5390df45489876a53e9cc07f4cfaa2eaa88d58f60771add9556db8151"},
    {file = "PyGLM-2.6.0-cp311-cp311-manylinux_2_27_aarch64.manylinux_2_28_aarch64.whl", hash = "sha256:337d9b71533a9c2e208d6228ecb48d56645cb68ccaa5a3928e334efe0986f543"},
    {file = "PyGLM-2.6.0-cp311-cp311-manylinux_2_27_s390x.manylinux_2_28_s390x.whl", hash = "sha256:7caab6475821da7d313ce8e701c21fbda032a71545ca1bc7160483d9f36f66e8"},
    {file = "PyGLM-2.6.0-cp311-cp311-manylinux_2_27_x86_64.manylinux_2_28_x86_64.whl", hash = "sha256:814dd3037c721c9f8625d61eba5101d716168b35d623f0dea5b67ea5d75bb1c0"},
    {file = "PyGLM-2.6.0-cp311-cp311-musllinux_1_1_aarch64.whl", hash = "sha256:45be94d11e268154e6565faf35a4dadabde829e4659d11d0a821ae8985c65a26"},
    {file = "PyGLM-2.6.0-cp311-cp311-musllinux_1_1_i686.whl", hash = "sha256:485903afffc21bb054dba7bd654b188ac3b7e71615b217eee15e49881c7faba0"},
    {file = "PyGLM-2.6.0-cp311-cp311-musllinux_1_1_s390x.whl", hash = "sha256:ea9b35c7e201d0db0c7fc5747d6893818b5c3847732ba8bbcafa9fb66ef9fd7f"},
    {file = "PyGLM-2.6.0-cp311-cp311-musllinux_1_1_x86_64.whl", hash = "sha256:5dd360af9533fb11489be462bbfb78cad230d04d687ec7715c4d813120b254ee"},
    {file = "PyGLM-2.6.0-cp311-cp311-win32.whl", hash = "sha256:da62b2b521e678743839f8fb1e9bb4da96fb1a0d02d3bd120647e5801019859a"},
    {file = "PyGLM-2.6.0-cp311-cp311-win_amd64.whl", hash = "sha256:eaf8920da63a56cd1031c03ff1b5ed48b405d60e39a548bbc8ce9fd61e1cb247"},
    {file = "PyGLM-2.6.0-cp37-cp37m-macosx_10_9_x86_64.whl", hash = "sha256:27d48acca65d0502b668f5c5ac3bb19f423d38009bf12e8aacd3af42ce846600"},
    {file = "PyGLM-2.6.0-cp37-cp37m-manylinux_2_17_aarch64.manylinux2014_aarch64.manylinux_2_24_aarch64.whl", hash = "sha256:d138b16d896afef7fd369df1678e45f5d369b30b1229597757d7b8d3b239a812"},
    {file = "PyGLM-2.6.0-cp37-cp37m-manylinux_2_17_i686.manylinux2014_i686.manylinux_2_24_i686.whl", hash = "sha256:b7e64223f51ef49657d37a140af58313b055b5e62d908086809de9809759b577"},
    {file = "PyGLM-2.6.0-cp37-cp37m-manylinux_2_17_s390x.manylinux2014_s390x.manylinux_2_24_s390x.whl", hash = "sha256:0c737df6e011a4e81b6897c589b2338d3949e2da57c1ac9be66988ae5898a293"},
    {file = "PyGLM-2.6.0-cp37-cp37m-manylinux_2_17_x86_64.manylinux2014_x86_64.manylinux_2_24_x86_64.whl", hash = "sha256:938f669b06b50cf1515ca8d6e9b73bfc3cc83da7d4f3b32cff02367a76558c1b"},
    {file = "PyGLM-2.6.0-cp37-cp37m-manylinux_2_27_aarch64.manylinux_2_28_aarch64.whl", hash = "sha256:a2bb1da338f7b471773da2c132645e757450b7c2daa001c98d6f0f7dd60b98fb"},
    {file = "PyGLM-2.6.0-cp37-cp37m-manylinux_2_27_s390x.manylinux_2_28_s390x.whl", hash = "sha256:90e987324fafdfae3bc951c42441b6bd07788513ee10b17a8873863ac3837e9e"},
    {file = "PyGLM-2.6.0-cp37-cp37m-manylinux_2_27_x86_64.manylinux_2_28_x86_64.whl", hash = "sha256:46673d018410ed8c8249214333bd7d3c794b5d2435fee7d2a363bb7055190b3f"},
    {file = "PyGLM-2.6.0-cp37-cp37m-musllinux_1_1_aarch64.whl", hash = "sha256:34152a8d18b9a21d534db2e4a223df05961b7e7521d430da449b9db0ddebdab9"},
    {file = "PyGLM-2.6.0-cp37-cp37m-musllinux_1_1_i686.whl", hash = "sha256:6eb33aa4eb3180100a5bbab43142e07401e6f65c58d3c632846aac2c82648356"},
    {file = "PyGLM-2.6.0-cp37-cp37m-musllinux_1_1_s390x.whl", hash = "sha256:4ca95ea39bb1b36dce9271eb8881992c31f27c6879c6e2d0e85781d8642d86bb"},
    {file = "PyGLM-2.6.0-cp37-cp37m-musllinux_1_1_x86_64.whl", hash = "sha256:a7c3335289e109d4a808a279b3be568939c9e587f108bdfdc4c99d67a43bc1f1"},
    {file = "PyGLM-2.6.0-cp37-cp37m-win32.whl", hash = "sha256:97dcc91bc8d786fcfebeb921cd197d7fb73200ac8d278465001718a6a97db7aa"},
    {file = "PyGLM-2.6.0-cp37-cp37m-win_amd64.whl", hash = "sha256:09d4cbb66ed04542939dfa7d17638ad22b58c39e03b0f05b8fd253817c4b1c87"},
    {file = "PyGLM-2.6.0-cp38-cp38-macosx_10_9_x86_64.whl", hash = "sha256:dcf0f8cab0969dfabb864703918f3f7857a0e007f29fe5bafb45ae3697a6c340"},
    {file = "PyGLM-2.6.0-cp38-cp38-macosx_11_0_arm64.whl", hash = "sha256:d03f108a7e9c7bd339f13ca7736c8ad6129970b2a8701068fe7bc84e1bb64fcc"},
    {file = "PyGLM-2.6.0-cp38-cp38-manylinux_2_17_aarch64.manylinux2014_aarch64.manylinux_2_24_aarch64.whl", hash = "sha256:dc011bb6db561039f33dac5e24e721a851c93b9a3d1178772f1f56e03551f029"},
    {file = "PyGLM-2.6.0-cp38-cp38-manylinux_2_17_i686.manylinux2014_i686.manylinux_2_24_i686.whl", hash = "sha256:83ed3304408e85d411331eeb5f75e409bf61f23b2a933d3eb7f5e19530ff59dc"},
    {file = "PyGLM-2.6.0-cp38-cp38-manylinux_2_17_s390x.manylinux2014_s390x.manylinux_2_24_s390x.whl", hash = "sha256:b7463f31004b979c7e1c2cc2dc4df96e7132bfeb5bb0d3eaa3dce4168975c97c"},
    {file = "PyGLM-2.6.0-cp38-cp38-manylinux_2_17_x86_64.manylinux2014_x86_64.manylinux_2_24_x86_64.whl", hash = "sha256:44300f0a813174585b06475efa67101c6e0124edb747cedb586e6e28e802406d"},
    {file = "PyGLM-2.6.0-cp38-cp38-manylinux_2_27_aarch64.manylinux_2_28_aarch64.whl", hash = "sha256:b08c3fe9300851a927236abb984b4c3efc7d7e1b43ee256b5a71aab373e255e9"},
    {file = "PyGLM-2.6.0-cp38-cp38-manylinux_2_27_s390x.manylinux_2_28_s390x.whl", hash = "sha256:a50bb9969eec3777bc7a295968ccd26838504f508b6fe53f683d551ce0610de8"},
    {file = "PyGLM-2.6.0-cp38-cp38-manylinux_2_27_x86_64.manylinux_2_28_x86_64.whl", hash = "sha256:72376d196ac965e3e79ef6dd987a7991635a9ba928a529f6c3c4e0eec36fe99a"},
    {file = "PyGLM-2.6.0-cp38-cp38-musllinux_1_1_aarch64.whl", hash = "sha256:da9437576668ed4e6b762403c7cf45741398bce9ad0182d396fa6940a823470e"},
    {file = "PyGLM-2.6.0-cp38-cp38-musllinux_1_1_i686.whl", hash = "sha256:1038699746be014bfddf4bae6a7b69a9c3d732927fd68eee11e5e7ef8aebf4fb"},
    {file = "PyGLM-2.6.0-cp38-cp38-musllinux_1_1_s390x.whl", hash = "sha256:eebe50984b0f3c5b99d6a46f8a7f9d644b9394189d36e021d402430a2d0a76d7"},
    {file = "PyGLM-2.6.0-cp38-cp38-musllinux_1_1_x86_64.whl", hash = "sha256:cd64210e3c453139889bea684a6de96f71158a991559fb875a12a057aa7a7722"},
    {file = "PyGLM-2.6.0-cp38-cp38-win32.whl", hash = "sha256:3337850036aeba5c60246279b70bcd24e446c80b4add07fef02f6db300fd8550"},
    {file = "PyGLM-2.6.0-cp38-cp38-win_amd64.whl", hash = "sha256:2f4e12f913cfeec3b9756e3362f80cd7ffe5ee5fcefd3a16e708f93fd5750b11"},
    {file = "PyGLM-2.6.0-cp39-cp39-macosx_10_9_x86_64.whl", hash = "sha256:c4535fa0d63501cc5c386341ee9d68fdce471f5c64dc6e12c18dd09ccab71bc7"},
    {file = "PyGLM-2.6.0-cp39-cp39-macosx_11_0_arm64.whl", hash = "sha256:79741a4c0c1aa16cf47392127cdbd4b9257525bff697bbccedbebd20aa7ac1d5"},
    {file = "PyGLM-2.6.0-cp39-cp39-manylinux_2_17_aarch64.manylinux2014_aarch64.manylinux_2_24_aarch64.whl", hash = "sha256:b40b18c25f2cbd41b5932a4f0ba26b3807f51c73f74df63972dd7429250ace62"},
    {file = "PyGLM-2.6.0-cp39-cp39-manylinux_2_17_i686.manylinux2014_i686.manylinux_2_24_i686.whl", hash = "sha256:e8542ac2fb3891c95c9db04339be679c32e6e45ee4f980f007529df087bb8b5a"},
    {file = "PyGLM-2.6.0-cp39-cp39-manylinux_2_17_s390x.manylinux2014_s390x.manylinux_2_24_s390x.whl", hash = "sha256:61bd27197ef26ce203c6201f82ab291f07ce7d7c68d7e45d4bc8c941ef4bb18a"},
    {file = "PyGLM-2.6.0-cp39-cp39-manylinux_2_17_x86_64.manylinux2014_x86_64.manylinux_2_24_x86_64.whl", hash = "sha256:34d56ec933a56f590b4dafefda918f6f4589bca408e21aaace5cee57bccfa2b3"},
    {file = "PyGLM-2.6.0-cp39-cp39-manylinux_2_27_aarch64.manylinux_2_28_aarch64.whl", hash = "sha256:d0412fb1a9208738c6bfb5ee62a01bc383961848be43b7d6890374b8be809e31"},
    {file = "PyGLM-2.6.0-cp39-cp39-manylinux_2_27_s390x.manylinux_2_28_s390x.whl", hash = "sha256:fa943a7ed80400df0c7dc718c22d08e24d7b1db0d8901cca8cad04d1c73aea43"},
    {file = "PyGLM-2.6.0-cp39-cp39-manylinux_2_27_x86_64.manylinux_2_28_x86_64.whl", hash = "sha256:2c40238d1bdcaf597041700233994b3a5803b4c51307a810d36d3147a65b96ca"},
    {file = "PyGLM-2.6.0-cp39-cp39-musllinux_1_1_aarch64.whl", hash = "sha256:ccc288d32f5d802a30533a2e4daac49a5b5e5750c8f8ed4ba0bf02a481bc3706"},
    {file = "PyGLM-2.6.0-cp39-cp39-musllinux_1_1_i686.whl", hash = "sha256:e4b7aa46bc5b95368db91a21e66256a9fa3c0abee0a061d8942a6d182c2f5069"},
    {file = "PyGLM-2.6.0-cp39-cp39-musllinux_1_1_s390x.whl", hash = "sha256:8133c72b1fd277985d49d8327d08bd24a19614226c713e829c59bc92c1d921c5"},
    {file = "PyGLM-2.6.0-cp39-cp39-musllinux_1_1_x86_64.whl", hash = "sha256:54d41ab0f0f8894af5134ba4a10157fab5db3c18680049f050c611b7bf9108a2"},
    {file = "PyGLM-2.6.0-cp39-cp39-win32.whl", hash = "sha256:b531330c0b8c0c31a14b850803e64ae7b8b321c132d1175566fa1043784dd823"},
    {file = "PyGLM-2.6.0-cp39-cp39-win_amd64.whl", hash = "sha256:2124f7d08ca6a72386c345008d1edcf6ba60bef632b593de6d38f92f9260baa7"},
    {file = "PyGLM-2.6.0.tar.gz", hash = "sha256:f853abad66ec78602a9e9693d81a6ba6579a0cbe71715bf89f6bc62cbc837170"},
]
Pygments = [
    {file = "Pygments-2.13.0-py3-none-any.whl", hash = "sha256:f643f331ab57ba3c9d89212ee4a2dabc6e94f117cf4eefde99a0574720d14c42"},
    {file = "Pygments-2.13.0.tar.gz", hash = "sha256:56a8508ae95f98e2b9bdf93a6be5ae3f7d8af858b43e02c5a2ff083726be40c1"},
]
PyOpenGL = [
    {file = "PyOpenGL-3.1.6-py2-none-any.whl", hash = "sha256:57c597d989178e1413002df6b923619f6d29807501dece1c60cc6f12c0c8e8a7"},
    {file = "PyOpenGL-3.1.6-py3-none-any.whl", hash = "sha256:a7139bc3e15d656feae1f7e3ef68c799941ed43fadc78177a23db7e946c20738"},
    {file = "PyOpenGL-3.1.6.tar.gz", hash = "sha256:8ea6c8773927eda7405bffc6f5bb93be81569a7b05c8cac50cd94e969dce5e27"},
]
PySDL2 = [
    {file = "PySDL2-0.9.14.tar.gz", hash = "sha256:24091f8d9e437646591c7f76d5baeee3d3aa6cd8ae492a51c7026e53389f187a"},
]
pysdl2-dll = [
    {file = "pysdl2-dll-2.24.1.tar.gz", hash = "sha256:9ca39bcabc64f550c86b64bf7fb705d28b0a24c99b539ad48a2abeaa61f2e27f"},
    {file = "pysdl2_dll-2.24.1-py2.py3-none-macosx_10_7_universal2.whl", hash = "sha256:edfb2702f39b10ae323a207e0d6793489d92774889f549237a0bac749e011778"},
    {file = "pysdl2_dll-2.24.1-py2.py3-none-macosx_10_7_x86_64.whl", hash = "sha256:879759374999c49fe7b9acc56003545e9e18b66fe6c97d94df31ed06f55c2109"},
    {file = "pysdl2_dll-2.24.1-py2.py3-none-manylinux2014_i686.whl", hash = "sha256:0c5d5a52f6fe4c6902cc019bc37ea75e2ea40d9843ed0d0341d006604d1db30a"},
    {file = "pysdl2_dll-2.24.1-py2.py3-none-manylinux2014_x86_64.whl", hash = "sha256:8183615f661c0a28ed99c59781e8775f8d691ab05070663c4c935a46519a0a3d"},
    {file = "pysdl2_dll-2.24.1-py2.py3-none-manylinux_2_24_aarch64.whl", hash = "sha256:e587fc3ca14b4d50e77a7d0a42528e4e010964751925ab91724eeb601ac0e8e5"},
    {file = "pysdl2_dll-2.24.1-py2.py3-none-manylinux_2_24_x86_64.whl", hash = "sha256:31de25ed1390e1f082ba7bd2928055e2164f662a95baa6d2e58714e0a777c18b"},
    {file = "pysdl2_dll-2.24.1-py2.py3-none-win32.whl", hash = "sha256:a7c76e28a2a816a5c42c0249c5e416c501bd65e73e47067c0c21534d8fd4ea69"},
    {file = "pysdl2_dll-2.24.1-py2.py3-none-win_amd64.whl", hash = "sha256:30bd1e7d618f1e6d0b5fff344125cdbf7e111ecddb4f5232ceb8a502ccee5ee1"},
]
rich = [
    {file = "rich-12.6.0-py3-none-any.whl", hash = "sha256:a4eb26484f2c82589bd9a17c73d32a010b1e29d89f1604cd9bf3a2097b81bb5e"},
    {file = "rich-12.6.0.tar.gz", hash = "sha256:ba3a3775974105c221d31141f2c116f4fd65c5ceb0698657a11e9f295ec93fd0"},
]
tomli = [
    {file = "tomli-2.0.1-py3-none-any.whl", hash = "sha256:939de3e7a6161af0c887ef91b7d41a53e7c5a1ca976325f429cb46ea9bc30ecc"},
    {file = "tomli-2.0.1.tar.gz", hash = "sha256:de526c12914f0c550d15924c62d72abc48d6fe7364aa87328337a31007fe8a4f"},
]
